
Microsoft Visual Studio Solution File, Format Version 12.00
# Visual Studio 15
VisualStudioVersion = 15.0.27004.2009
MinimumVisualStudioVersion = 10.0.40219.1
Project("{FAE04EC0-301F-11D3-BF4B-00C04F79EFBC}") = "DiscordBot_Jane.Core", "DiscordBot_Jane\DiscordBot_Jane.Core.csproj", "{98D785D1-CB4A-4811-9309-7C9C385A0C46}"
EndProject
Global
	GlobalSection(SolutionConfigurationPlatforms) = preSolution
		Debug|Any CPU = Debug|Any CPU
		Release|Any CPU = Release|Any CPU
	EndGlobalSection
	GlobalSection(ProjectConfigurationPlatforms) = postSolution
		{98D785D1-CB4A-4811-9309-7C9C385A0C46}.Debug|Any CPU.ActiveCfg = Debug|Any CPU
		{98D785D1-CB4A-4811-9309-7C9C385A0C46}.Debug|Any CPU.Build.0 = Debug|Any CPU
		{98D785D1-CB4A-4811-9309-7C9C385A0C46}.Release|Any CPU.ActiveCfg = Release|Any CPU
		{98D785D1-CB4A-4811-9309-7C9C385A0C46}.Release|Any CPU.Build.0 = Release|Any CPU
	EndGlobalSection
	GlobalSection(SolutionProperties) = preSolution
		HideSolutionNode = FALSE
	EndGlobalSection
	GlobalSection(ExtensibilityGlobals) = postSolution
		SolutionGuid = {0FB1394B-46E2-45E0-B9F5-26712119C189}
	EndGlobalSection
EndGlobal
